// !$*UTF8*$!
{
	archiveVersion = 1;
	classes = {
	};
	objectVersion = 46;
	objects = {

/* Begin PBXBuildFile section */
		8A3CDAFF1B5CD079004496AA /* BaseUIView.m in Sources */ = {isa = PBXBuildFile; fileRef = 8A3CDAFE1B5CD079004496AA /* BaseUIView.m */; };
		8A3CDB021B5CD21B004496AA /* BaseModel.m in Sources */ = {isa = PBXBuildFile; fileRef = 8A3CDB011B5CD21B004496AA /* BaseModel.m */; };
		8A3F14591ACA42F600E5A206 /* main.m in Sources */ = {isa = PBXBuildFile; fileRef = 8A3F14581ACA42F600E5A206 /* main.m */; };
		8A3F145C1ACA42F600E5A206 /* AppDelegate.m in Sources */ = {isa = PBXBuildFile; fileRef = 8A3F145B1ACA42F600E5A206 /* AppDelegate.m */; };
		8A3F14621ACA42F600E5A206 /* Main.storyboard in Resources */ = {isa = PBXBuildFile; fileRef = 8A3F14601ACA42F600E5A206 /* Main.storyboard */; };
		8A3F14641ACA42F600E5A206 /* Images.xcassets in Resources */ = {isa = PBXBuildFile; fileRef = 8A3F14631ACA42F600E5A206 /* Images.xcassets */; };
		8A3F14671ACA42F600E5A206 /* LaunchScreen.xib in Resources */ = {isa = PBXBuildFile; fileRef = 8A3F14651ACA42F600E5A206 /* LaunchScreen.xib */; };
		8A3F14731ACA42F700E5A206 /* ProjectAppTests.m in Sources */ = {isa = PBXBuildFile; fileRef = 8A3F14721ACA42F700E5A206 /* ProjectAppTests.m */; };
		8A9860A91B577F5800B6F257 /* TestDemo.storyboard in Resources */ = {isa = PBXBuildFile; fileRef = 8A9860A81B577F5800B6F257 /* TestDemo.storyboard */; };
		8A9860B41B5789CC00B6F257 /* JsonBuilder.m in Sources */ = {isa = PBXBuildFile; fileRef = 8A9860AE1B5789CC00B6F257 /* JsonBuilder.m */; };
		8A9860BC1B5795D500B6F257 /* ResultDataModel.m in Sources */ = {isa = PBXBuildFile; fileRef = 8A9860BB1B5795D500B6F257 /* ResultDataModel.m */; };
		8A9860BF1B57A0FD00B6F257 /* NetInterfaceManager.m in Sources */ = {isa = PBXBuildFile; fileRef = 8A9860BE1B57A0FD00B6F257 /* NetInterfaceManager.m */; };
		8AE1E1DF1B560E67005E547A /* AppViewController.m in Sources */ = {isa = PBXBuildFile; fileRef = 8AE1E1DE1B560E67005E547A /* AppViewController.m */; };
		8AF38CF21B3BB4CD00193382 /* ProjectAppCommon.framework in Frameworks */ = {isa = PBXBuildFile; fileRef = 8AF38CF11B3BB4CD00193382 /* ProjectAppCommon.framework */; };
		8AF38CF41B3BB4D100193382 /* ProjectAppDataInterface.framework in Frameworks */ = {isa = PBXBuildFile; fileRef = 8AF38CF31B3BB4D100193382 /* ProjectAppDataInterface.framework */; };
		8AF38CF61B3BCB3800193382 /* ProjectAppDataModel.framework in Frameworks */ = {isa = PBXBuildFile; fileRef = 8AF38CF51B3BCB3800193382 /* ProjectAppDataModel.framework */; };
		8AF38CF81B3BCB3E00193382 /* ProjectAppUIView.framework in Frameworks */ = {isa = PBXBuildFile; fileRef = 8AF38CF71B3BCB3E00193382 /* ProjectAppUIView.framework */; };
/* End PBXBuildFile section */

/* Begin PBXContainerItemProxy section */
		8A3F146D1ACA42F700E5A206 /* PBXContainerItemProxy */ = {
			isa = PBXContainerItemProxy;
			containerPortal = 8A3F144B1ACA42F600E5A206 /* Project object */;
			proxyType = 1;
			remoteGlobalIDString = 8A3F14521ACA42F600E5A206;
			remoteInfo = ProjectApp;
		};
/* End PBXContainerItemProxy section */

/* Begin PBXFileReference section */
		8A3CDAFD1B5CD079004496AA /* BaseUIView.h */ = {isa = PBXFileReference; fileEncoding = 4; lastKnownFileType = sourcecode.c.h; path = BaseUIView.h; sourceTree = "<group>"; };
		8A3CDAFE1B5CD079004496AA /* BaseUIView.m */ = {isa = PBXFileReference; fileEncoding = 4; lastKnownFileType = sourcecode.c.objc; path = BaseUIView.m; sourceTree = "<group>"; };
		8A3CDB001B5CD21B004496AA /* BaseModel.h */ = {isa = PBXFileReference; fileEncoding = 4; lastKnownFileType = sourcecode.c.h; path = BaseModel.h; sourceTree = "<group>"; };
		8A3CDB011B5CD21B004496AA /* BaseModel.m */ = {isa = PBXFileReference; fileEncoding = 4; lastKnownFileType = sourcecode.c.objc; path = BaseModel.m; sourceTree = "<group>"; };
		8A3F14531ACA42F600E5A206 /* ProjectApp.app */ = {isa = PBXFileReference; explicitFileType = wrapper.application; includeInIndex = 0; path = ProjectApp.app; sourceTree = BUILT_PRODUCTS_DIR; };
		8A3F14571ACA42F600E5A206 /* Info.plist */ = {isa = PBXFileReference; lastKnownFileType = text.plist.xml; path = Info.plist; sourceTree = "<group>"; };
		8A3F14581ACA42F600E5A206 /* main.m */ = {isa = PBXFileReference; lastKnownFileType = sourcecode.c.objc; path = main.m; sourceTree = "<group>"; };
		8A3F145A1ACA42F600E5A206 /* AppDelegate.h */ = {isa = PBXFileReference; lastKnownFileType = sourcecode.c.h; path = AppDelegate.h; sourceTree = "<group>"; };
		8A3F145B1ACA42F600E5A206 /* AppDelegate.m */ = {isa = PBXFileReference; lastKnownFileType = sourcecode.c.objc; path = AppDelegate.m; sourceTree = "<group>"; };
		8A3F14611ACA42F600E5A206 /* Base */ = {isa = PBXFileReference; lastKnownFileType = file.storyboard; name = Base; path = Base.lproj/Main.storyboard; sourceTree = "<group>"; };
		8A3F14631ACA42F600E5A206 /* Images.xcassets */ = {isa = PBXFileReference; lastKnownFileType = folder.assetcatalog; path = Images.xcassets; sourceTree = "<group>"; };
		8A3F14661ACA42F600E5A206 /* Base */ = {isa = PBXFileReference; lastKnownFileType = file.xib; name = Base; path = Base.lproj/LaunchScreen.xib; sourceTree = "<group>"; };
		8A3F146C1ACA42F700E5A206 /* ProjectAppTests.xctest */ = {isa = PBXFileReference; explicitFileType = wrapper.cfbundle; includeInIndex = 0; path = ProjectAppTests.xctest; sourceTree = BUILT_PRODUCTS_DIR; };
		8A3F14711ACA42F700E5A206 /* Info.plist */ = {isa = PBXFileReference; lastKnownFileType = text.plist.xml; path = Info.plist; sourceTree = "<group>"; };
		8A3F14721ACA42F700E5A206 /* ProjectAppTests.m */ = {isa = PBXFileReference; lastKnownFileType = sourcecode.c.objc; path = ProjectAppTests.m; sourceTree = "<group>"; };
		8A9860A81B577F5800B6F257 /* TestDemo.storyboard */ = {isa = PBXFileReference; fileEncoding = 4; lastKnownFileType = file.storyboard; path = TestDemo.storyboard; sourceTree = "<group>"; };
		8A9860AD1B5789CC00B6F257 /* JsonBuilder.h */ = {isa = PBXFileReference; fileEncoding = 4; lastKnownFileType = sourcecode.c.h; path = JsonBuilder.h; sourceTree = "<group>"; };
		8A9860AE1B5789CC00B6F257 /* JsonBuilder.m */ = {isa = PBXFileReference; fileEncoding = 4; lastKnownFileType = sourcecode.c.objc; path = JsonBuilder.m; sourceTree = "<group>"; };
		8A9860B11B5789CC00B6F257 /* ProtocolDefine.h */ = {isa = PBXFileReference; fileEncoding = 4; lastKnownFileType = sourcecode.c.h; path = ProtocolDefine.h; sourceTree = "<group>"; };
		8A9860BA1B5795D500B6F257 /* ResultDataModel.h */ = {isa = PBXFileReference; fileEncoding = 4; lastKnownFileType = sourcecode.c.h; path = ResultDataModel.h; sourceTree = "<group>"; };
		8A9860BB1B5795D500B6F257 /* ResultDataModel.m */ = {isa = PBXFileReference; fileEncoding = 4; lastKnownFileType = sourcecode.c.objc; path = ResultDataModel.m; sourceTree = "<group>"; };
		8A9860BD1B57A0FD00B6F257 /* NetInterfaceManager.h */ = {isa = PBXFileReference; fileEncoding = 4; lastKnownFileType = sourcecode.c.h; path = NetInterfaceManager.h; sourceTree = "<group>"; };
		8A9860BE1B57A0FD00B6F257 /* NetInterfaceManager.m */ = {isa = PBXFileReference; fileEncoding = 4; lastKnownFileType = sourcecode.c.objc; path = NetInterfaceManager.m; sourceTree = "<group>"; };
		8AE1E1DD1B560E67005E547A /* AppViewController.h */ = {isa = PBXFileReference; fileEncoding = 4; lastKnownFileType = sourcecode.c.h; path = AppViewController.h; sourceTree = "<group>"; };
		8AE1E1DE1B560E67005E547A /* AppViewController.m */ = {isa = PBXFileReference; fileEncoding = 4; lastKnownFileType = sourcecode.c.objc; path = AppViewController.m; sourceTree = "<group>"; };
		8AF38CF11B3BB4CD00193382 /* ProjectAppCommon.framework */ = {isa = PBXFileReference; lastKnownFileType = wrapper.framework; name = ProjectAppCommon.framework; path = "../ProjectAppCommon/build/Debug-iphoneos/ProjectAppCommon.framework"; sourceTree = "<group>"; };
		8AF38CF31B3BB4D100193382 /* ProjectAppDataInterface.framework */ = {isa = PBXFileReference; lastKnownFileType = wrapper.framework; name = ProjectAppDataInterface.framework; path = "../ProjectAppDataInterface/build/Debug-iphoneos/ProjectAppDataInterface.framework"; sourceTree = "<group>"; };
		8AF38CF51B3BCB3800193382 /* ProjectAppDataModel.framework */ = {isa = PBXFileReference; lastKnownFileType = wrapper.framework; name = ProjectAppDataModel.framework; path = "../ProjectAppDataModel/build/Debug-iphoneos/ProjectAppDataModel.framework"; sourceTree = "<group>"; };
		8AF38CF71B3BCB3E00193382 /* ProjectAppUIView.framework */ = {isa = PBXFileReference; lastKnownFileType = wrapper.framework; name = ProjectAppUIView.framework; path = "../ProjectAppUIView/build/Debug-iphoneos/ProjectAppUIView.framework"; sourceTree = "<group>"; };
/* End PBXFileReference section */

/* Begin PBXFrameworksBuildPhase section */
		8A3F14501ACA42F600E5A206 /* Frameworks */ = {
			isa = PBXFrameworksBuildPhase;
			buildActionMask = 2147483647;
			files = (
				8AF38CF81B3BCB3E00193382 /* ProjectAppUIView.framework in Frameworks */,
				8AF38CF61B3BCB3800193382 /* ProjectAppDataModel.framework in Frameworks */,
				8AF38CF41B3BB4D100193382 /* ProjectAppDataInterface.framework in Frameworks */,
				8AF38CF21B3BB4CD00193382 /* ProjectAppCommon.framework in Frameworks */,
			);
			runOnlyForDeploymentPostprocessing = 0;
		};
		8A3F14691ACA42F700E5A206 /* Frameworks */ = {
			isa = PBXFrameworksBuildPhase;
			buildActionMask = 2147483647;
			files = (
			);
			runOnlyForDeploymentPostprocessing = 0;
		};
/* End PBXFrameworksBuildPhase section */

/* Begin PBXGroup section */
		8A3F144A1ACA42F600E5A206 = {
			isa = PBXGroup;
			children = (
				8AF38CF71B3BCB3E00193382 /* ProjectAppUIView.framework */,
				8AF38CF51B3BCB3800193382 /* ProjectAppDataModel.framework */,
				8AF38CF31B3BB4D100193382 /* ProjectAppDataInterface.framework */,
				8AF38CF11B3BB4CD00193382 /* ProjectAppCommon.framework */,
				8A3F14551ACA42F600E5A206 /* ProjectApp */,
				8A3F146F1ACA42F700E5A206 /* ProjectAppTests */,
				8A3F14541ACA42F600E5A206 /* Products */,
			);
			sourceTree = "<group>";
		};
		8A3F14541ACA42F600E5A206 /* Products */ = {
			isa = PBXGroup;
			children = (
				8A3F14531ACA42F600E5A206 /* ProjectApp.app */,
				8A3F146C1ACA42F700E5A206 /* ProjectAppTests.xctest */,
			);
			name = Products;
			sourceTree = "<group>";
		};
		8A3F14551ACA42F600E5A206 /* ProjectApp */ = {
			isa = PBXGroup;
			children = (
				8AF38CF01B3BB49D00193382 /* Model */,
				8A3F16121ACAAE6900E5A206 /* UIView */,
				8A3F16131ACAAFB500E5A206 /* Controller */,
				8A9860AC1B5789A800B6F257 /* Common */,
				8AE1E1DB1B560D99005E547A /* TestDemo */,
				8A3F145A1ACA42F600E5A206 /* AppDelegate.h */,
				8A3F145B1ACA42F600E5A206 /* AppDelegate.m */,
				8A3F14601ACA42F600E5A206 /* Main.storyboard */,
				8A9860A81B577F5800B6F257 /* TestDemo.storyboard */,
				8A3F14631ACA42F600E5A206 /* Images.xcassets */,
				8A3F14651ACA42F600E5A206 /* LaunchScreen.xib */,
				8A3F14561ACA42F600E5A206 /* Supporting Files */,
			);
			path = ProjectApp;
			sourceTree = "<group>";
		};
		8A3F14561ACA42F600E5A206 /* Supporting Files */ = {
			isa = PBXGroup;
			children = (
				8A3F14571ACA42F600E5A206 /* Info.plist */,
				8A3F14581ACA42F600E5A206 /* main.m */,
			);
			name = "Supporting Files";
			sourceTree = "<group>";
		};
		8A3F146F1ACA42F700E5A206 /* ProjectAppTests */ = {
			isa = PBXGroup;
			children = (
				8A3F14721ACA42F700E5A206 /* ProjectAppTests.m */,
				8A3F14701ACA42F700E5A206 /* Supporting Files */,
			);
			path = ProjectAppTests;
			sourceTree = "<group>";
		};
		8A3F14701ACA42F700E5A206 /* Supporting Files */ = {
			isa = PBXGroup;
			children = (
				8A3F14711ACA42F700E5A206 /* Info.plist */,
			);
			name = "Supporting Files";
			sourceTree = "<group>";
		};
		8A3F16121ACAAE6900E5A206 /* UIView */ = {
			isa = PBXGroup;
			children = (
				8A4DE5B81B58EA8300A26BDE /* Base */,
			);
			path = UIView;
			sourceTree = "<group>";
		};
		8A3F16131ACAAFB500E5A206 /* Controller */ = {
			isa = PBXGroup;
			children = (
				8A9860AA1B5783B300B6F257 /* Base */,
			);
			path = Controller;
			sourceTree = "<group>";
		};
		8A4DE5B81B58EA8300A26BDE /* Base */ = {
			isa = PBXGroup;
			children = (
				8A3CDAFD1B5CD079004496AA /* BaseUIView.h */,
				8A3CDAFE1B5CD079004496AA /* BaseUIView.m */,
			);
			path = Base;
			sourceTree = "<group>";
		};
		8A4DE5B91B58EA8F00A26BDE /* Base */ = {
			isa = PBXGroup;
			children = (
				8A3CDB001B5CD21B004496AA /* BaseModel.h */,
				8A3CDB011B5CD21B004496AA /* BaseModel.m */,
			);
			path = Base;
			sourceTree = "<group>";
		};
		8A9860AA1B5783B300B6F257 /* Base */ = {
			isa = PBXGroup;
			children = (
			);
			path = Base;
			sourceTree = "<group>";
		};
		8A9860AC1B5789A800B6F257 /* Common */ = {
			isa = PBXGroup;
			children = (
				8A9860B11B5789CC00B6F257 /* ProtocolDefine.h */,
				8A9860AD1B5789CC00B6F257 /* JsonBuilder.h */,
				8A9860AE1B5789CC00B6F257 /* JsonBuilder.m */,
				8A9860BA1B5795D500B6F257 /* ResultDataModel.h */,
				8A9860BB1B5795D500B6F257 /* ResultDataModel.m */,
				8A9860BD1B57A0FD00B6F257 /* NetInterfaceManager.h */,
				8A9860BE1B57A0FD00B6F257 /* NetInterfaceManager.m */,
			);
			path = Common;
			sourceTree = "<group>";
		};
		8AE1E1DB1B560D99005E547A /* TestDemo */ = {
			isa = PBXGroup;
			children = (
				8AE1E1DD1B560E67005E547A /* AppViewController.h */,
				8AE1E1DE1B560E67005E547A /* AppViewController.m */,
			);
			path = TestDemo;
			sourceTree = "<group>";
		};
		8AF38CF01B3BB49D00193382 /* Model */ = {
			isa = PBXGroup;
			children = (
				8A4DE5B91B58EA8F00A26BDE /* Base */,
			);
			path = Model;
			sourceTree = "<group>";
		};
/* End PBXGroup section */

/* Begin PBXNativeTarget section */
		8A3F14521ACA42F600E5A206 /* ProjectApp */ = {
			isa = PBXNativeTarget;
			buildConfigurationList = 8A3F14761ACA42F700E5A206 /* Build configuration list for PBXNativeTarget "ProjectApp" */;
			buildPhases = (
				8A3F144F1ACA42F600E5A206 /* Sources */,
				8A3F14501ACA42F600E5A206 /* Frameworks */,
				8A3F14511ACA42F600E5A206 /* Resources */,
			);
			buildRules = (
			);
			dependencies = (
			);
			name = ProjectApp;
			productName = ProjectApp;
			productReference = 8A3F14531ACA42F600E5A206 /* ProjectApp.app */;
			productType = "com.apple.product-type.application";
		};
		8A3F146B1ACA42F700E5A206 /* ProjectAppTests */ = {
			isa = PBXNativeTarget;
			buildConfigurationList = 8A3F14791ACA42F700E5A206 /* Build configuration list for PBXNativeTarget "ProjectAppTests" */;
			buildPhases = (
				8A3F14681ACA42F700E5A206 /* Sources */,
				8A3F14691ACA42F700E5A206 /* Frameworks */,
				8A3F146A1ACA42F700E5A206 /* Resources */,
			);
			buildRules = (
			);
			dependencies = (
				8A3F146E1ACA42F700E5A206 /* PBXTargetDependency */,
			);
			name = ProjectAppTests;
			productName = ProjectAppTests;
			productReference = 8A3F146C1ACA42F700E5A206 /* ProjectAppTests.xctest */;
			productType = "com.apple.product-type.bundle.unit-test";
		};
/* End PBXNativeTarget section */

/* Begin PBXProject section */
		8A3F144B1ACA42F600E5A206 /* Project object */ = {
			isa = PBXProject;
			attributes = {
				LastUpgradeCheck = 0620;
				ORGANIZATIONNAME = Framework;
				TargetAttributes = {
					8A3F14521ACA42F600E5A206 = {
						CreatedOnToolsVersion = 6.2;
						DevelopmentTeam = 4GH32AFGEC;
					};
					8A3F146B1ACA42F700E5A206 = {
						CreatedOnToolsVersion = 6.2;
						DevelopmentTeam = 4GH32AFGEC;
						TestTargetID = 8A3F14521ACA42F600E5A206;
					};
				};
			};
			buildConfigurationList = 8A3F144E1ACA42F600E5A206 /* Build configuration list for PBXProject "ProjectApp" */;
			compatibilityVersion = "Xcode 3.2";
			developmentRegion = English;
			hasScannedForEncodings = 0;
			knownRegions = (
				en,
				Base,
			);
			mainGroup = 8A3F144A1ACA42F600E5A206;
			productRefGroup = 8A3F14541ACA42F600E5A206 /* Products */;
			projectDirPath = "";
			projectRoot = "";
			targets = (
				8A3F14521ACA42F600E5A206 /* ProjectApp */,
				8A3F146B1ACA42F700E5A206 /* ProjectAppTests */,
			);
		};
/* End PBXProject section */

/* Begin PBXResourcesBuildPhase section */
		8A3F14511ACA42F600E5A206 /* Resources */ = {
			isa = PBXResourcesBuildPhase;
			buildActionMask = 2147483647;
			files = (
				8A3F14621ACA42F600E5A206 /* Main.storyboard in Resources */,
				8A3F14671ACA42F600E5A206 /* LaunchScreen.xib in Resources */,
				8A3F14641ACA42F600E5A206 /* Images.xcassets in Resources */,
				8A9860A91B577F5800B6F257 /* TestDemo.storyboard in Resources */,
			);
			runOnlyForDeploymentPostprocessing = 0;
		};
		8A3F146A1ACA42F700E5A206 /* Resources */ = {
			isa = PBXResourcesBuildPhase;
			buildActionMask = 2147483647;
			files = (
			);
			runOnlyForDeploymentPostprocessing = 0;
		};
/* End PBXResourcesBuildPhase section */

/* Begin PBXSourcesBuildPhase section */
		8A3F144F1ACA42F600E5A206 /* Sources */ = {
			isa = PBXSourcesBuildPhase;
			buildActionMask = 2147483647;
			files = (
				8A3CDB021B5CD21B004496AA /* BaseModel.m in Sources */,
				8A9860BC1B5795D500B6F257 /* ResultDataModel.m in Sources */,
				8A3F145C1ACA42F600E5A206 /* AppDelegate.m in Sources */,
				8A9860B41B5789CC00B6F257 /* JsonBuilder.m in Sources */,
				8A3CDAFF1B5CD079004496AA /* BaseUIView.m in Sources */,
				8A9860BF1B57A0FD00B6F257 /* NetInterfaceManager.m in Sources */,
				8AE1E1DF1B560E67005E547A /* AppViewController.m in Sources */,
				8A3F14591ACA42F600E5A206 /* main.m in Sources */,
			);
			runOnlyForDeploymentPostprocessing = 0;
		};
		8A3F14681ACA42F700E5A206 /* Sources */ = {
			isa = PBXSourcesBuildPhase;
			buildActionMask = 2147483647;
			files = (
				8A3F14731ACA42F700E5A206 /* ProjectAppTests.m in Sources */,
			);
			runOnlyForDeploymentPostprocessing = 0;
		};
/* End PBXSourcesBuildPhase section */

/* Begin PBXTargetDependency section */
		8A3F146E1ACA42F700E5A206 /* PBXTargetDependency */ = {
			isa = PBXTargetDependency;
			target = 8A3F14521ACA42F600E5A206 /* ProjectApp */;
			targetProxy = 8A3F146D1ACA42F700E5A206 /* PBXContainerItemProxy */;
		};
/* End PBXTargetDependency section */

/* Begin PBXVariantGroup section */
		8A3F14601ACA42F600E5A206 /* Main.storyboard */ = {
			isa = PBXVariantGroup;
			children = (
				8A3F14611ACA42F600E5A206 /* Base */,
			);
			name = Main.storyboard;
			sourceTree = "<group>";
		};
		8A3F14651ACA42F600E5A206 /* LaunchScreen.xib */ = {
			isa = PBXVariantGroup;
			children = (
				8A3F14661ACA42F600E5A206 /* Base */,
			);
			name = LaunchScreen.xib;
			sourceTree = "<group>";
		};
/* End PBXVariantGroup section */

/* Begin XCBuildConfiguration section */
		8A3F14741ACA42F700E5A206 /* Debug */ = {
			isa = XCBuildConfiguration;
			buildSettings = {
				ALWAYS_SEARCH_USER_PATHS = NO;
				CLANG_CXX_LANGUAGE_STANDARD = "gnu++0x";
				CLANG_CXX_LIBRARY = "libc++";
				CLANG_ENABLE_MODULES = YES;
				CLANG_ENABLE_OBJC_ARC = YES;
				CLANG_WARN_BOOL_CONVERSION = YES;
				CLANG_WARN_CONSTANT_CONVERSION = YES;
				CLANG_WARN_DIRECT_OBJC_ISA_USAGE = YES_ERROR;
				CLANG_WARN_EMPTY_BODY = YES;
				CLANG_WARN_ENUM_CONVERSION = YES;
				CLANG_WARN_INT_CONVERSION = YES;
				CLANG_WARN_OBJC_ROOT_CLASS = YES_ERROR;
				CLANG_WARN_UNREACHABLE_CODE = YES;
				CLANG_WARN__DUPLICATE_METHOD_MATCH = YES;
				CODE_SIGN_IDENTITY = "iPhone Developer: Baojun Li (PAZU93Q3SV)";
				"CODE_SIGN_IDENTITY[sdk=iphoneos*]" = "iPhone Developer: Baojun Li (PAZU93Q3SV)";
				COPY_PHASE_STRIP = NO;
				ENABLE_STRICT_OBJC_MSGSEND = YES;
				GCC_C_LANGUAGE_STANDARD = gnu99;
				GCC_DYNAMIC_NO_PIC = NO;
				GCC_OPTIMIZATION_LEVEL = 0;
				GCC_PREPROCESSOR_DEFINITIONS = (
					"DEBUG=1",
					"$(inherited)",
				);
				GCC_SYMBOLS_PRIVATE_EXTERN = NO;
				GCC_WARN_64_TO_32_BIT_CONVERSION = YES;
				GCC_WARN_ABOUT_RETURN_TYPE = YES_ERROR;
				GCC_WARN_UNDECLARED_SELECTOR = YES;
				GCC_WARN_UNINITIALIZED_AUTOS = YES_AGGRESSIVE;
				GCC_WARN_UNUSED_FUNCTION = YES;
				GCC_WARN_UNUSED_VARIABLE = YES;
				IPHONEOS_DEPLOYMENT_TARGET = 7.0;
				MTL_ENABLE_DEBUG_INFO = YES;
				ONLY_ACTIVE_ARCH = YES;
				SDKROOT = iphoneos;
			};
			name = Debug;
		};
		8A3F14751ACA42F700E5A206 /* Release */ = {
			isa = XCBuildConfiguration;
			buildSettings = {
				ALWAYS_SEARCH_USER_PATHS = NO;
				CLANG_CXX_LANGUAGE_STANDARD = "gnu++0x";
				CLANG_CXX_LIBRARY = "libc++";
				CLANG_ENABLE_MODULES = YES;
				CLANG_ENABLE_OBJC_ARC = YES;
				CLANG_WARN_BOOL_CONVERSION = YES;
				CLANG_WARN_CONSTANT_CONVERSION = YES;
				CLANG_WARN_DIRECT_OBJC_ISA_USAGE = YES_ERROR;
				CLANG_WARN_EMPTY_BODY = YES;
				CLANG_WARN_ENUM_CONVERSION = YES;
				CLANG_WARN_INT_CONVERSION = YES;
				CLANG_WARN_OBJC_ROOT_CLASS = YES_ERROR;
				CLANG_WARN_UNREACHABLE_CODE = YES;
				CLANG_WARN__DUPLICATE_METHOD_MATCH = YES;
				"CODE_SIGN_IDENTITY[sdk=iphoneos*]" = "iPhone Developer";
				COPY_PHASE_STRIP = NO;
				ENABLE_NS_ASSERTIONS = NO;
				ENABLE_STRICT_OBJC_MSGSEND = YES;
				GCC_C_LANGUAGE_STANDARD = gnu99;
				GCC_WARN_64_TO_32_BIT_CONVERSION = YES;
				GCC_WARN_ABOUT_RETURN_TYPE = YES_ERROR;
				GCC_WARN_UNDECLARED_SELECTOR = YES;
				GCC_WARN_UNINITIALIZED_AUTOS = YES_AGGRESSIVE;
				GCC_WARN_UNUSED_FUNCTION = YES;
				GCC_WARN_UNUSED_VARIABLE = YES;
				IPHONEOS_DEPLOYMENT_TARGET = 7.0;
				MTL_ENABLE_DEBUG_INFO = NO;
				SDKROOT = iphoneos;
				VALIDATE_PRODUCT = YES;
			};
			name = Release;
		};
		8A3F14771ACA42F700E5A206 /* Debug */ = {
			isa = XCBuildConfiguration;
			buildSettings = {
				ASSETCATALOG_COMPILER_APPICON_NAME = AppIcon;
				CODE_SIGN_IDENTITY = "iPhone Developer";
				FRAMEWORK_SEARCH_PATHS = (
					"$(inherited)",
					"$(PROJECT_DIR)Common/build/Debug-iphoneos",
					"$(PROJECT_DIR)DataInterface/build/Debug-iphoneos",
					"$(PROJECT_DIR)DataModel/build/Debug-iphoneos",
					"$(PROJECT_DIR)UIView/build/Debug-iphoneos",
				);
				INFOPLIST_FILE = ProjectApp/Info.plist;
				LD_RUNPATH_SEARCH_PATHS = "$(inherited) @executable_path/Frameworks";
				PRODUCT_NAME = "$(TARGET_NAME)";
			};
			name = Debug;
		};
		8A3F14781ACA42F700E5A206 /* Release */ = {
			isa = XCBuildConfiguration;
			buildSettings = {
				ASSETCATALOG_COMPILER_APPICON_NAME = AppIcon;
				CODE_SIGN_IDENTITY = "iPhone Developer";
				FRAMEWORK_SEARCH_PATHS = (
					"$(inherited)",
					"$(PROJECT_DIR)Common/build/Debug-iphoneos",
					"$(PROJECT_DIR)DataInterface/build/Debug-iphoneos",
					"$(PROJECT_DIR)DataModel/build/Debug-iphoneos",
					"$(PROJECT_DIR)UIView/build/Debug-iphoneos",
				);
				INFOPLIST_FILE = ProjectApp/Info.plist;
				LD_RUNPATH_SEARCH_PATHS = "$(inherited) @executable_path/Frameworks";
				PRODUCT_NAME = "$(TARGET_NAME)";
			};
			name = Release;
		};
		8A3F147A1ACA42F700E5A206 /* Debug */ = {
			isa = XCBuildConfiguration;
			buildSettings = {
				BUNDLE_LOADER = "$(TEST_HOST)";
				CODE_SIGN_IDENTITY = "iPhone Developer";
				"CODE_SIGN_IDENTITY[sdk=iphoneos*]" = "iPhone Developer";
				FRAMEWORK_SEARCH_PATHS = (
					"$(SDKROOT)/Developer/Library/Frameworks",
					"$(inherited)",
				);
				GCC_PREPROCESSOR_DEFINITIONS = (
					"DEBUG=1",
					"$(inherited)",
				);
				INFOPLIST_FILE = ProjectAppTests/Info.plist;
				LD_RUNPATH_SEARCH_PATHS = "$(inherited) @executable_path/Frameworks @loader_path/Frameworks";
				PRODUCT_NAME = "$(TARGET_NAME)";
				PROVISIONING_PROFILE = "";
				TEST_HOST = "$(BUILT_PRODUCTS_DIR)/ProjectApp.app/ProjectApp";
			};
			name = Debug;
		};
		8A3F147B1ACA42F700E5A206 /* Release */ = {
			isa = XCBuildConfiguration;
			buildSettings = {
				BUNDLE_LOADER = "$(TEST_HOST)";
				CODE_SIGN_IDENTITY = "iPhone Developer";
				"CODE_SIGN_IDENTITY[sdk=iphoneos*]" = "iPhone Developer";
				FRAMEWORK_SEARCH_PATHS = (
					"$(SDKROOT)/Developer/Library/Frameworks",
					"$(inherited)",
				);
				INFOPLIST_FILE = ProjectAppTests/Info.plist;
				LD_RUNPATH_SEARCH_PATHS = "$(inherited) @executable_path/Frameworks @loader_path/Frameworks";
				PRODUCT_NAME = "$(TARGET_NAME)";
				PROVISIONING_PROFILE = "";
				TEST_HOST = "$(BUILT_PRODUCTS_DIR)/ProjectApp.app/ProjectApp";
			};
			name = Release;
		};
/* End XCBuildConfiguration section */

/* Begin XCConfigurationList section */
		8A3F144E1ACA42F600E5A206 /* Build configuration list for PBXProject "ProjectApp" */ = {
			isa = XCConfigurationList;
			buildConfigurations = (
				8A3F14741ACA42F700E5A206 /* Debug */,
				8A3F14751ACA42F700E5A206 /* Release */,
			);
			defaultConfigurationIsVisible = 0;
			defaultConfigurationName = Release;
		};
		8A3F14761ACA42F700E5A206 /* Build configuration list for PBXNativeTarget "ProjectApp" */ = {
			isa = XCConfigurationList;
			buildConfigurations = (
				8A3F14771ACA42F700E5A206 /* Debug */,
				8A3F14781ACA42F700E5A206 /* Release */,
			);
			defaultConfigurationIsVisible = 0;
			defaultConfigurationName = Release;
		};
		8A3F14791ACA42F700E5A206 /* Build configuration list for PBXNativeTarget "ProjectAppTests" */ = {
			isa = XCConfigurationList;
			buildConfigurations = (
				8A3F147A1ACA42F700E5A206 /* Debug */,
				8A3F147B1ACA42F700E5A206 /* Release */,
			);
			defaultConfigurationIsVisible = 0;
			defaultConfigurationName = Release;
		};
/* End XCConfigurationList section */
	};
	rootObject = 8A3F144B1ACA42F600E5A206 /* Project object */;
}
