// !$*UTF8*$!
{
	archiveVersion = 1;
	classes = {
	};
	objectVersion = 46;
	objects = {

/* Begin PBXBuildFile section */
		8A1242361B609E11001E0889 /* ProjectAppCommon.framework in Frameworks */ = {isa = PBXBuildFile; fileRef = 8A1242351B609E11001E0889 /* ProjectAppCommon.framework */; };
		8A3CDB051B5CEC94004496AA /* Reachability.h in Headers */ = {isa = PBXBuildFile; fileRef = 8A3CDB031B5CEC94004496AA /* Reachability.h */; settings = {ATTRIBUTES = (Public, ); }; };
		8A3CDB061B5CEC94004496AA /* Reachability.m in Sources */ = {isa = PBXBuildFile; fileRef = 8A3CDB041B5CEC94004496AA /* Reachability.m */; };
		8A3F15561ACA523400E5A206 /* ProjectAppDataInterface.h in Headers */ = {isa = PBXBuildFile; fileRef = 8A3F15551ACA523400E5A206 /* ProjectAppDataInterface.h */; settings = {ATTRIBUTES = (Public, ); }; };
		8A3F155C1ACA523400E5A206 /* ProjectAppDataInterface.framework in Frameworks */ = {isa = PBXBuildFile; fileRef = 8A3F15501ACA523400E5A206 /* ProjectAppDataInterface.framework */; };
		8A3F15631ACA523400E5A206 /* ProjectAppDataInterfaceTests.m in Sources */ = {isa = PBXBuildFile; fileRef = 8A3F15621ACA523400E5A206 /* ProjectAppDataInterfaceTests.m */; };
		8A8031691B39375600C91FD8 /* FileManager.h in Headers */ = {isa = PBXBuildFile; fileRef = 8A8031671B39375600C91FD8 /* FileManager.h */; settings = {ATTRIBUTES = (Public, ); }; };
		8A80316A1B39375600C91FD8 /* FileManager.m in Sources */ = {isa = PBXBuildFile; fileRef = 8A8031681B39375600C91FD8 /* FileManager.m */; };
		8A8031991B39425700C91FD8 /* AFHTTPRequestOperation.h in Headers */ = {isa = PBXBuildFile; fileRef = 8A8031741B39425700C91FD8 /* AFHTTPRequestOperation.h */; };
		8A80319A1B39425700C91FD8 /* AFHTTPRequestOperation.m in Sources */ = {isa = PBXBuildFile; fileRef = 8A8031751B39425700C91FD8 /* AFHTTPRequestOperation.m */; };
		8A80319B1B39425700C91FD8 /* AFHTTPRequestOperationManager.h in Headers */ = {isa = PBXBuildFile; fileRef = 8A8031761B39425700C91FD8 /* AFHTTPRequestOperationManager.h */; };
		8A80319C1B39425700C91FD8 /* AFHTTPRequestOperationManager.m in Sources */ = {isa = PBXBuildFile; fileRef = 8A8031771B39425700C91FD8 /* AFHTTPRequestOperationManager.m */; };
		8A80319D1B39425700C91FD8 /* AFHTTPSessionManager.h in Headers */ = {isa = PBXBuildFile; fileRef = 8A8031781B39425700C91FD8 /* AFHTTPSessionManager.h */; };
		8A80319E1B39425700C91FD8 /* AFHTTPSessionManager.m in Sources */ = {isa = PBXBuildFile; fileRef = 8A8031791B39425700C91FD8 /* AFHTTPSessionManager.m */; };
		8A80319F1B39425700C91FD8 /* AFNetworking.h in Headers */ = {isa = PBXBuildFile; fileRef = 8A80317A1B39425700C91FD8 /* AFNetworking.h */; };
		8A8031A01B39425700C91FD8 /* AFNetworkReachabilityManager.h in Headers */ = {isa = PBXBuildFile; fileRef = 8A80317B1B39425700C91FD8 /* AFNetworkReachabilityManager.h */; };
		8A8031A11B39425700C91FD8 /* AFNetworkReachabilityManager.m in Sources */ = {isa = PBXBuildFile; fileRef = 8A80317C1B39425700C91FD8 /* AFNetworkReachabilityManager.m */; };
		8A8031A21B39425700C91FD8 /* AFSecurityPolicy.h in Headers */ = {isa = PBXBuildFile; fileRef = 8A80317D1B39425700C91FD8 /* AFSecurityPolicy.h */; };
		8A8031A31B39425700C91FD8 /* AFSecurityPolicy.m in Sources */ = {isa = PBXBuildFile; fileRef = 8A80317E1B39425700C91FD8 /* AFSecurityPolicy.m */; };
		8A8031A41B39425700C91FD8 /* AFURLConnectionOperation.h in Headers */ = {isa = PBXBuildFile; fileRef = 8A80317F1B39425700C91FD8 /* AFURLConnectionOperation.h */; };
		8A8031A51B39425700C91FD8 /* AFURLConnectionOperation.m in Sources */ = {isa = PBXBuildFile; fileRef = 8A8031801B39425700C91FD8 /* AFURLConnectionOperation.m */; };
		8A8031A61B39425700C91FD8 /* AFURLRequestSerialization.h in Headers */ = {isa = PBXBuildFile; fileRef = 8A8031811B39425700C91FD8 /* AFURLRequestSerialization.h */; };
		8A8031A71B39425700C91FD8 /* AFURLRequestSerialization.m in Sources */ = {isa = PBXBuildFile; fileRef = 8A8031821B39425700C91FD8 /* AFURLRequestSerialization.m */; };
		8A8031A81B39425700C91FD8 /* AFURLResponseSerialization.h in Headers */ = {isa = PBXBuildFile; fileRef = 8A8031831B39425700C91FD8 /* AFURLResponseSerialization.h */; };
		8A8031A91B39425700C91FD8 /* AFURLResponseSerialization.m in Sources */ = {isa = PBXBuildFile; fileRef = 8A8031841B39425700C91FD8 /* AFURLResponseSerialization.m */; };
		8A8031AA1B39425700C91FD8 /* AFURLSessionManager.h in Headers */ = {isa = PBXBuildFile; fileRef = 8A8031851B39425700C91FD8 /* AFURLSessionManager.h */; };
		8A8031AB1B39425700C91FD8 /* AFURLSessionManager.m in Sources */ = {isa = PBXBuildFile; fileRef = 8A8031861B39425700C91FD8 /* AFURLSessionManager.m */; };
		8A8031AC1B39425700C91FD8 /* AFNetworkActivityIndicatorManager.h in Headers */ = {isa = PBXBuildFile; fileRef = 8A8031881B39425700C91FD8 /* AFNetworkActivityIndicatorManager.h */; };
		8A8031AD1B39425700C91FD8 /* AFNetworkActivityIndicatorManager.m in Sources */ = {isa = PBXBuildFile; fileRef = 8A8031891B39425700C91FD8 /* AFNetworkActivityIndicatorManager.m */; };
		8A8031AE1B39425700C91FD8 /* UIActivityIndicatorView+AFNetworking.h in Headers */ = {isa = PBXBuildFile; fileRef = 8A80318A1B39425700C91FD8 /* UIActivityIndicatorView+AFNetworking.h */; };
		8A8031AF1B39425700C91FD8 /* UIActivityIndicatorView+AFNetworking.m in Sources */ = {isa = PBXBuildFile; fileRef = 8A80318B1B39425700C91FD8 /* UIActivityIndicatorView+AFNetworking.m */; };
		8A8031B01B39425700C91FD8 /* UIAlertView+AFNetworking.h in Headers */ = {isa = PBXBuildFile; fileRef = 8A80318C1B39425700C91FD8 /* UIAlertView+AFNetworking.h */; };
		8A8031B11B39425700C91FD8 /* UIAlertView+AFNetworking.m in Sources */ = {isa = PBXBuildFile; fileRef = 8A80318D1B39425700C91FD8 /* UIAlertView+AFNetworking.m */; };
		8A8031B21B39425700C91FD8 /* UIButton+AFNetworking.h in Headers */ = {isa = PBXBuildFile; fileRef = 8A80318E1B39425700C91FD8 /* UIButton+AFNetworking.h */; };
		8A8031B31B39425700C91FD8 /* UIButton+AFNetworking.m in Sources */ = {isa = PBXBuildFile; fileRef = 8A80318F1B39425700C91FD8 /* UIButton+AFNetworking.m */; };
		8A8031B41B39425700C91FD8 /* UIImageView+AFNetworking.h in Headers */ = {isa = PBXBuildFile; fileRef = 8A8031901B39425700C91FD8 /* UIImageView+AFNetworking.h */; settings = {ATTRIBUTES = (Public, ); }; };
		8A8031B51B39425700C91FD8 /* UIImageView+AFNetworking.m in Sources */ = {isa = PBXBuildFile; fileRef = 8A8031911B39425700C91FD8 /* UIImageView+AFNetworking.m */; };
		8A8031B61B39425700C91FD8 /* UIKit+AFNetworking.h in Headers */ = {isa = PBXBuildFile; fileRef = 8A8031921B39425700C91FD8 /* UIKit+AFNetworking.h */; };
		8A8031B71B39425700C91FD8 /* UIProgressView+AFNetworking.h in Headers */ = {isa = PBXBuildFile; fileRef = 8A8031931B39425700C91FD8 /* UIProgressView+AFNetworking.h */; };
		8A8031B81B39425700C91FD8 /* UIProgressView+AFNetworking.m in Sources */ = {isa = PBXBuildFile; fileRef = 8A8031941B39425700C91FD8 /* UIProgressView+AFNetworking.m */; };
		8A8031B91B39425700C91FD8 /* UIRefreshControl+AFNetworking.h in Headers */ = {isa = PBXBuildFile; fileRef = 8A8031951B39425700C91FD8 /* UIRefreshControl+AFNetworking.h */; };
		8A8031BA1B39425700C91FD8 /* UIRefreshControl+AFNetworking.m in Sources */ = {isa = PBXBuildFile; fileRef = 8A8031961B39425700C91FD8 /* UIRefreshControl+AFNetworking.m */; };
		8A8031BB1B39425700C91FD8 /* UIWebView+AFNetworking.h in Headers */ = {isa = PBXBuildFile; fileRef = 8A8031971B39425700C91FD8 /* UIWebView+AFNetworking.h */; };
		8A8031BC1B39425700C91FD8 /* UIWebView+AFNetworking.m in Sources */ = {isa = PBXBuildFile; fileRef = 8A8031981B39425700C91FD8 /* UIWebView+AFNetworking.m */; };
		8A8031CB1B39487500C91FD8 /* FMDatabase.h in Headers */ = {isa = PBXBuildFile; fileRef = 8A8031BE1B39487500C91FD8 /* FMDatabase.h */; };
		8A8031CC1B39487500C91FD8 /* FMDatabase.m in Sources */ = {isa = PBXBuildFile; fileRef = 8A8031BF1B39487500C91FD8 /* FMDatabase.m */; };
		8A8031CD1B39487500C91FD8 /* FMDatabaseAdditions.h in Headers */ = {isa = PBXBuildFile; fileRef = 8A8031C01B39487500C91FD8 /* FMDatabaseAdditions.h */; };
		8A8031CE1B39487500C91FD8 /* FMDatabaseAdditions.m in Sources */ = {isa = PBXBuildFile; fileRef = 8A8031C11B39487500C91FD8 /* FMDatabaseAdditions.m */; };
		8A8031CF1B39487500C91FD8 /* FMDatabasePool.h in Headers */ = {isa = PBXBuildFile; fileRef = 8A8031C21B39487500C91FD8 /* FMDatabasePool.h */; };
		8A8031D01B39487500C91FD8 /* FMDatabasePool.m in Sources */ = {isa = PBXBuildFile; fileRef = 8A8031C31B39487500C91FD8 /* FMDatabasePool.m */; };
		8A8031D11B39487500C91FD8 /* FMDatabaseQueue.h in Headers */ = {isa = PBXBuildFile; fileRef = 8A8031C41B39487500C91FD8 /* FMDatabaseQueue.h */; };
		8A8031D21B39487500C91FD8 /* FMDatabaseQueue.m in Sources */ = {isa = PBXBuildFile; fileRef = 8A8031C51B39487500C91FD8 /* FMDatabaseQueue.m */; };
		8A8031D31B39487500C91FD8 /* FMDB.h in Headers */ = {isa = PBXBuildFile; fileRef = 8A8031C61B39487500C91FD8 /* FMDB.h */; };
		8A8031D41B39487500C91FD8 /* FMResultSet.h in Headers */ = {isa = PBXBuildFile; fileRef = 8A8031C71B39487500C91FD8 /* FMResultSet.h */; settings = {ATTRIBUTES = (Public, ); }; };
		8A8031D51B39487500C91FD8 /* FMResultSet.m in Sources */ = {isa = PBXBuildFile; fileRef = 8A8031C81B39487500C91FD8 /* FMResultSet.m */; };
		8A8031D61B39487500C91FD8 /* FMDBUtils.h in Headers */ = {isa = PBXBuildFile; fileRef = 8A8031C91B39487500C91FD8 /* FMDBUtils.h */; settings = {ATTRIBUTES = (Public, ); }; };
		8A8031D71B39487500C91FD8 /* FMDBUtils.m in Sources */ = {isa = PBXBuildFile; fileRef = 8A8031CA1B39487500C91FD8 /* FMDBUtils.m */; };
		8AF38C3D1B3A895A00193382 /* NetInterFace.h in Headers */ = {isa = PBXBuildFile; fileRef = 8AF38C3B1B3A895A00193382 /* NetInterFace.h */; settings = {ATTRIBUTES = (Public, ); }; };
		8AF38C3E1B3A895A00193382 /* NetInterFace.m in Sources */ = {isa = PBXBuildFile; fileRef = 8AF38C3C1B3A895A00193382 /* NetInterFace.m */; };
		8AF38C441B3A8C2D00193382 /* libsqlite3.0.dylib in Frameworks */ = {isa = PBXBuildFile; fileRef = 8AF38C431B3A8C2D00193382 /* libsqlite3.0.dylib */; };
/* End PBXBuildFile section */

/* Begin PBXContainerItemProxy section */
		8A3F155D1ACA523400E5A206 /* PBXContainerItemProxy */ = {
			isa = PBXContainerItemProxy;
			containerPortal = 8A3F15471ACA523400E5A206 /* Project object */;
			proxyType = 1;
			remoteGlobalIDString = 8A3F154F1ACA523400E5A206;
			remoteInfo = ProjectAppDataInterface;
		};
/* End PBXContainerItemProxy section */

/* Begin PBXFileReference section */
		8A1242351B609E11001E0889 /* ProjectAppCommon.framework */ = {isa = PBXFileReference; lastKnownFileType = wrapper.framework; name = ProjectAppCommon.framework; path = "../ProjectAppCommon/build/Debug-iphoneos/ProjectAppCommon.framework"; sourceTree = "<group>"; };
		8A3CDB031B5CEC94004496AA /* Reachability.h */ = {isa = PBXFileReference; fileEncoding = 4; lastKnownFileType = sourcecode.c.h; path = Reachability.h; sourceTree = "<group>"; };
		8A3CDB041B5CEC94004496AA /* Reachability.m */ = {isa = PBXFileReference; fileEncoding = 4; lastKnownFileType = sourcecode.c.objc; path = Reachability.m; sourceTree = "<group>"; };
		8A3F15501ACA523400E5A206 /* ProjectAppDataInterface.framework */ = {isa = PBXFileReference; explicitFileType = wrapper.framework; includeInIndex = 0; path = ProjectAppDataInterface.framework; sourceTree = BUILT_PRODUCTS_DIR; };
		8A3F15541ACA523400E5A206 /* Info.plist */ = {isa = PBXFileReference; lastKnownFileType = text.plist.xml; path = Info.plist; sourceTree = "<group>"; };
		8A3F15551ACA523400E5A206 /* ProjectAppDataInterface.h */ = {isa = PBXFileReference; lastKnownFileType = sourcecode.c.h; path = ProjectAppDataInterface.h; sourceTree = "<group>"; };
		8A3F155B1ACA523400E5A206 /* ProjectAppDataInterfaceTests.xctest */ = {isa = PBXFileReference; explicitFileType = wrapper.cfbundle; includeInIndex = 0; path = ProjectAppDataInterfaceTests.xctest; sourceTree = BUILT_PRODUCTS_DIR; };
		8A3F15611ACA523400E5A206 /* Info.plist */ = {isa = PBXFileReference; lastKnownFileType = text.plist.xml; path = Info.plist; sourceTree = "<group>"; };
		8A3F15621ACA523400E5A206 /* ProjectAppDataInterfaceTests.m */ = {isa = PBXFileReference; lastKnownFileType = sourcecode.c.objc; path = ProjectAppDataInterfaceTests.m; sourceTree = "<group>"; };
		8A8031671B39375600C91FD8 /* FileManager.h */ = {isa = PBXFileReference; fileEncoding = 4; lastKnownFileType = sourcecode.c.h; path = FileManager.h; sourceTree = "<group>"; };
		8A8031681B39375600C91FD8 /* FileManager.m */ = {isa = PBXFileReference; fileEncoding = 4; lastKnownFileType = sourcecode.c.objc; path = FileManager.m; sourceTree = "<group>"; };
		8A8031741B39425700C91FD8 /* AFHTTPRequestOperation.h */ = {isa = PBXFileReference; fileEncoding = 4; lastKnownFileType = sourcecode.c.h; path = AFHTTPRequestOperation.h; sourceTree = "<group>"; };
		8A8031751B39425700C91FD8 /* AFHTTPRequestOperation.m */ = {isa = PBXFileReference; fileEncoding = 4; lastKnownFileType = sourcecode.c.objc; path = AFHTTPRequestOperation.m; sourceTree = "<group>"; };
		8A8031761B39425700C91FD8 /* AFHTTPRequestOperationManager.h */ = {isa = PBXFileReference; fileEncoding = 4; lastKnownFileType = sourcecode.c.h; path = AFHTTPRequestOperationManager.h; sourceTree = "<group>"; };
		8A8031771B39425700C91FD8 /* AFHTTPRequestOperationManager.m */ = {isa = PBXFileReference; fileEncoding = 4; lastKnownFileType = sourcecode.c.objc; path = AFHTTPRequestOperationManager.m; sourceTree = "<group>"; };
		8A8031781B39425700C91FD8 /* AFHTTPSessionManager.h */ = {isa = PBXFileReference; fileEncoding = 4; lastKnownFileType = sourcecode.c.h; path = AFHTTPSessionManager.h; sourceTree = "<group>"; };
		8A8031791B39425700C91FD8 /* AFHTTPSessionManager.m */ = {isa = PBXFileReference; fileEncoding = 4; lastKnownFileType = sourcecode.c.objc; path = AFHTTPSessionManager.m; sourceTree = "<group>"; };
		8A80317A1B39425700C91FD8 /* AFNetworking.h */ = {isa = PBXFileReference; fileEncoding = 4; lastKnownFileType = sourcecode.c.h; path = AFNetworking.h; sourceTree = "<group>"; };
		8A80317B1B39425700C91FD8 /* AFNetworkReachabilityManager.h */ = {isa = PBXFileReference; fileEncoding = 4; lastKnownFileType = sourcecode.c.h; path = AFNetworkReachabilityManager.h; sourceTree = "<group>"; };
		8A80317C1B39425700C91FD8 /* AFNetworkReachabilityManager.m */ = {isa = PBXFileReference; fileEncoding = 4; lastKnownFileType = sourcecode.c.objc; path = AFNetworkReachabilityManager.m; sourceTree = "<group>"; };
		8A80317D1B39425700C91FD8 /* AFSecurityPolicy.h */ = {isa = PBXFileReference; fileEncoding = 4; lastKnownFileType = sourcecode.c.h; path = AFSecurityPolicy.h; sourceTree = "<group>"; };
		8A80317E1B39425700C91FD8 /* AFSecurityPolicy.m */ = {isa = PBXFileReference; fileEncoding = 4; lastKnownFileType = sourcecode.c.objc; path = AFSecurityPolicy.m; sourceTree = "<group>"; };
		8A80317F1B39425700C91FD8 /* AFURLConnectionOperation.h */ = {isa = PBXFileReference; fileEncoding = 4; lastKnownFileType = sourcecode.c.h; path = AFURLConnectionOperation.h; sourceTree = "<group>"; };
		8A8031801B39425700C91FD8 /* AFURLConnectionOperation.m */ = {isa = PBXFileReference; fileEncoding = 4; lastKnownFileType = sourcecode.c.objc; path = AFURLConnectionOperation.m; sourceTree = "<group>"; };
		8A8031811B39425700C91FD8 /* AFURLRequestSerialization.h */ = {isa = PBXFileReference; fileEncoding = 4; lastKnownFileType = sourcecode.c.h; path = AFURLRequestSerialization.h; sourceTree = "<group>"; };
		8A8031821B39425700C91FD8 /* AFURLRequestSerialization.m */ = {isa = PBXFileReference; fileEncoding = 4; lastKnownFileType = sourcecode.c.objc; path = AFURLRequestSerialization.m; sourceTree = "<group>"; };
		8A8031831B39425700C91FD8 /* AFURLResponseSerialization.h */ = {isa = PBXFileReference; fileEncoding = 4; lastKnownFileType = sourcecode.c.h; path = AFURLResponseSerialization.h; sourceTree = "<group>"; };
		8A8031841B39425700C91FD8 /* AFURLResponseSerialization.m */ = {isa = PBXFileReference; fileEncoding = 4; lastKnownFileType = sourcecode.c.objc; path = AFURLResponseSerialization.m; sourceTree = "<group>"; };
		8A8031851B39425700C91FD8 /* AFURLSessionManager.h */ = {isa = PBXFileReference; fileEncoding = 4; lastKnownFileType = sourcecode.c.h; path = AFURLSessionManager.h; sourceTree = "<group>"; };
		8A8031861B39425700C91FD8 /* AFURLSessionManager.m */ = {isa = PBXFileReference; fileEncoding = 4; lastKnownFileType = sourcecode.c.objc; path = AFURLSessionManager.m; sourceTree = "<group>"; };
		8A8031881B39425700C91FD8 /* AFNetworkActivityIndicatorManager.h */ = {isa = PBXFileReference; fileEncoding = 4; lastKnownFileType = sourcecode.c.h; path = AFNetworkActivityIndicatorManager.h; sourceTree = "<group>"; };
		8A8031891B39425700C91FD8 /* AFNetworkActivityIndicatorManager.m */ = {isa = PBXFileReference; fileEncoding = 4; lastKnownFileType = sourcecode.c.objc; path = AFNetworkActivityIndicatorManager.m; sourceTree = "<group>"; };
		8A80318A1B39425700C91FD8 /* UIActivityIndicatorView+AFNetworking.h */ = {isa = PBXFileReference; fileEncoding = 4; lastKnownFileType = sourcecode.c.h; path = "UIActivityIndicatorView+AFNetworking.h"; sourceTree = "<group>"; };
		8A80318B1B39425700C91FD8 /* UIActivityIndicatorView+AFNetworking.m */ = {isa = PBXFileReference; fileEncoding = 4; lastKnownFileType = sourcecode.c.objc; path = "UIActivityIndicatorView+AFNetworking.m"; sourceTree = "<group>"; };
		8A80318C1B39425700C91FD8 /* UIAlertView+AFNetworking.h */ = {isa = PBXFileReference; fileEncoding = 4; lastKnownFileType = sourcecode.c.h; path = "UIAlertView+AFNetworking.h"; sourceTree = "<group>"; };
		8A80318D1B39425700C91FD8 /* UIAlertView+AFNetworking.m */ = {isa = PBXFileReference; fileEncoding = 4; lastKnownFileType = sourcecode.c.objc; path = "UIAlertView+AFNetworking.m"; sourceTree = "<group>"; };
		8A80318E1B39425700C91FD8 /* UIButton+AFNetworking.h */ = {isa = PBXFileReference; fileEncoding = 4; lastKnownFileType = sourcecode.c.h; path = "UIButton+AFNetworking.h"; sourceTree = "<group>"; };
		8A80318F1B39425700C91FD8 /* UIButton+AFNetworking.m */ = {isa = PBXFileReference; fileEncoding = 4; lastKnownFileType = sourcecode.c.objc; path = "UIButton+AFNetworking.m"; sourceTree = "<group>"; };
		8A8031901B39425700C91FD8 /* UIImageView+AFNetworking.h */ = {isa = PBXFileReference; fileEncoding = 4; lastKnownFileType = sourcecode.c.h; path = "UIImageView+AFNetworking.h"; sourceTree = "<group>"; };
		8A8031911B39425700C91FD8 /* UIImageView+AFNetworking.m */ = {isa = PBXFileReference; fileEncoding = 4; lastKnownFileType = sourcecode.c.objc; path = "UIImageView+AFNetworking.m"; sourceTree = "<group>"; };
		8A8031921B39425700C91FD8 /* UIKit+AFNetworking.h */ = {isa = PBXFileReference; fileEncoding = 4; lastKnownFileType = sourcecode.c.h; path = "UIKit+AFNetworking.h"; sourceTree = "<group>"; };
		8A8031931B39425700C91FD8 /* UIProgressView+AFNetworking.h */ = {isa = PBXFileReference; fileEncoding = 4; lastKnownFileType = sourcecode.c.h; path = "UIProgressView+AFNetworking.h"; sourceTree = "<group>"; };
		8A8031941B39425700C91FD8 /* UIProgressView+AFNetworking.m */ = {isa = PBXFileReference; fileEncoding = 4; lastKnownFileType = sourcecode.c.objc; path = "UIProgressView+AFNetworking.m"; sourceTree = "<group>"; };
		8A8031951B39425700C91FD8 /* UIRefreshControl+AFNetworking.h */ = {isa = PBXFileReference; fileEncoding = 4; lastKnownFileType = sourcecode.c.h; path = "UIRefreshControl+AFNetworking.h"; sourceTree = "<group>"; };
		8A8031961B39425700C91FD8 /* UIRefreshControl+AFNetworking.m */ = {isa = PBXFileReference; fileEncoding = 4; lastKnownFileType = sourcecode.c.objc; path = "UIRefreshControl+AFNetworking.m"; sourceTree = "<group>"; };
		8A8031971B39425700C91FD8 /* UIWebView+AFNetworking.h */ = {isa = PBXFileReference; fileEncoding = 4; lastKnownFileType = sourcecode.c.h; path = "UIWebView+AFNetworking.h"; sourceTree = "<group>"; };
		8A8031981B39425700C91FD8 /* UIWebView+AFNetworking.m */ = {isa = PBXFileReference; fileEncoding = 4; lastKnownFileType = sourcecode.c.objc; path = "UIWebView+AFNetworking.m"; sourceTree = "<group>"; };
		8A8031BE1B39487500C91FD8 /* FMDatabase.h */ = {isa = PBXFileReference; fileEncoding = 4; lastKnownFileType = sourcecode.c.h; path = FMDatabase.h; sourceTree = "<group>"; };
		8A8031BF1B39487500C91FD8 /* FMDatabase.m */ = {isa = PBXFileReference; fileEncoding = 4; lastKnownFileType = sourcecode.c.objc; path = FMDatabase.m; sourceTree = "<group>"; };
		8A8031C01B39487500C91FD8 /* FMDatabaseAdditions.h */ = {isa = PBXFileReference; fileEncoding = 4; lastKnownFileType = sourcecode.c.h; path = FMDatabaseAdditions.h; sourceTree = "<group>"; };
		8A8031C11B39487500C91FD8 /* FMDatabaseAdditions.m */ = {isa = PBXFileReference; fileEncoding = 4; lastKnownFileType = sourcecode.c.objc; path = FMDatabaseAdditions.m; sourceTree = "<group>"; };
		8A8031C21B39487500C91FD8 /* FMDatabasePool.h */ = {isa = PBXFileReference; fileEncoding = 4; lastKnownFileType = sourcecode.c.h; path = FMDatabasePool.h; sourceTree = "<group>"; };
		8A8031C31B39487500C91FD8 /* FMDatabasePool.m */ = {isa = PBXFileReference; fileEncoding = 4; lastKnownFileType = sourcecode.c.objc; path = FMDatabasePool.m; sourceTree = "<group>"; };
		8A8031C41B39487500C91FD8 /* FMDatabaseQueue.h */ = {isa = PBXFileReference; fileEncoding = 4; lastKnownFileType = sourcecode.c.h; path = FMDatabaseQueue.h; sourceTree = "<group>"; };
		8A8031C51B39487500C91FD8 /* FMDatabaseQueue.m */ = {isa = PBXFileReference; fileEncoding = 4; lastKnownFileType = sourcecode.c.objc; path = FMDatabaseQueue.m; sourceTree = "<group>"; };
		8A8031C61B39487500C91FD8 /* FMDB.h */ = {isa = PBXFileReference; fileEncoding = 4; lastKnownFileType = sourcecode.c.h; path = FMDB.h; sourceTree = "<group>"; };
		8A8031C71B39487500C91FD8 /* FMResultSet.h */ = {isa = PBXFileReference; fileEncoding = 4; lastKnownFileType = sourcecode.c.h; path = FMResultSet.h; sourceTree = "<group>"; };
		8A8031C81B39487500C91FD8 /* FMResultSet.m */ = {isa = PBXFileReference; fileEncoding = 4; lastKnownFileType = sourcecode.c.objc; path = FMResultSet.m; sourceTree = "<group>"; };
		8A8031C91B39487500C91FD8 /* FMDBUtils.h */ = {isa = PBXFileReference; fileEncoding = 4; lastKnownFileType = sourcecode.c.h; path = FMDBUtils.h; sourceTree = "<group>"; };
		8A8031CA1B39487500C91FD8 /* FMDBUtils.m */ = {isa = PBXFileReference; fileEncoding = 4; lastKnownFileType = sourcecode.c.objc; path = FMDBUtils.m; sourceTree = "<group>"; };
		8AF38C3B1B3A895A00193382 /* NetInterFace.h */ = {isa = PBXFileReference; fileEncoding = 4; lastKnownFileType = sourcecode.c.h; path = NetInterFace.h; sourceTree = "<group>"; };
		8AF38C3C1B3A895A00193382 /* NetInterFace.m */ = {isa = PBXFileReference; fileEncoding = 4; lastKnownFileType = sourcecode.c.objc; path = NetInterFace.m; sourceTree = "<group>"; };
		8AF38C431B3A8C2D00193382 /* libsqlite3.0.dylib */ = {isa = PBXFileReference; lastKnownFileType = "compiled.mach-o.dylib"; name = libsqlite3.0.dylib; path = usr/lib/libsqlite3.0.dylib; sourceTree = SDKROOT; };
/* End PBXFileReference section */

/* Begin PBXFrameworksBuildPhase section */
		8A3F154C1ACA523400E5A206 /* Frameworks */ = {
			isa = PBXFrameworksBuildPhase;
			buildActionMask = 2147483647;
			files = (
				8A1242361B609E11001E0889 /* ProjectAppCommon.framework in Frameworks */,
				8AF38C441B3A8C2D00193382 /* libsqlite3.0.dylib in Frameworks */,
			);
			runOnlyForDeploymentPostprocessing = 0;
		};
		8A3F15581ACA523400E5A206 /* Frameworks */ = {
			isa = PBXFrameworksBuildPhase;
			buildActionMask = 2147483647;
			files = (
				8A3F155C1ACA523400E5A206 /* ProjectAppDataInterface.framework in Frameworks */,
			);
			runOnlyForDeploymentPostprocessing = 0;
		};
/* End PBXFrameworksBuildPhase section */

/* Begin PBXGroup section */
		8A3F15461ACA523400E5A206 = {
			isa = PBXGroup;
			children = (
				8A3F15521ACA523400E5A206 /* ProjectAppDataInterface */,
				8A3F155F1ACA523400E5A206 /* ProjectAppDataInterfaceTests */,
				ADB6D8AF1D23C72100B48C4E /* Framework */,
				8A3F15511ACA523400E5A206 /* Products */,
			);
			sourceTree = "<group>";
		};
		8A3F15511ACA523400E5A206 /* Products */ = {
			isa = PBXGroup;
			children = (
				8A3F15501ACA523400E5A206 /* ProjectAppDataInterface.framework */,
				8A3F155B1ACA523400E5A206 /* ProjectAppDataInterfaceTests.xctest */,
			);
			name = Products;
			sourceTree = "<group>";
		};
		8A3F15521ACA523400E5A206 /* ProjectAppDataInterface */ = {
			isa = PBXGroup;
			children = (
				8AF38C3B1B3A895A00193382 /* NetInterFace.h */,
				8AF38C3C1B3A895A00193382 /* NetInterFace.m */,
				8A8031671B39375600C91FD8 /* FileManager.h */,
				8A8031681B39375600C91FD8 /* FileManager.m */,
				8A8031C91B39487500C91FD8 /* FMDBUtils.h */,
				8A8031CA1B39487500C91FD8 /* FMDBUtils.m */,
				8A3CDB031B5CEC94004496AA /* Reachability.h */,
				8A3CDB041B5CEC94004496AA /* Reachability.m */,
				8A8031BD1B39487500C91FD8 /* FMDB */,
				8A8031731B39425700C91FD8 /* AFNetworking */,
				8A8031871B39425700C91FD8 /* UIKit+AFNetworking */,
				8A3F15551ACA523400E5A206 /* ProjectAppDataInterface.h */,
				8A3F15531ACA523400E5A206 /* Supporting Files */,
			);
			path = ProjectAppDataInterface;
			sourceTree = "<group>";
		};
		8A3F15531ACA523400E5A206 /* Supporting Files */ = {
			isa = PBXGroup;
			children = (
				8A3F15541ACA523400E5A206 /* Info.plist */,
			);
			name = "Supporting Files";
			sourceTree = "<group>";
		};
		8A3F155F1ACA523400E5A206 /* ProjectAppDataInterfaceTests */ = {
			isa = PBXGroup;
			children = (
				8A3F15621ACA523400E5A206 /* ProjectAppDataInterfaceTests.m */,
				8A3F15601ACA523400E5A206 /* Supporting Files */,
			);
			path = ProjectAppDataInterfaceTests;
			sourceTree = "<group>";
		};
		8A3F15601ACA523400E5A206 /* Supporting Files */ = {
			isa = PBXGroup;
			children = (
				8A3F15611ACA523400E5A206 /* Info.plist */,
			);
			name = "Supporting Files";
			sourceTree = "<group>";
		};
		8A8031731B39425700C91FD8 /* AFNetworking */ = {
			isa = PBXGroup;
			children = (
				8A8031741B39425700C91FD8 /* AFHTTPRequestOperation.h */,
				8A8031751B39425700C91FD8 /* AFHTTPRequestOperation.m */,
				8A8031761B39425700C91FD8 /* AFHTTPRequestOperationManager.h */,
				8A8031771B39425700C91FD8 /* AFHTTPRequestOperationManager.m */,
				8A8031781B39425700C91FD8 /* AFHTTPSessionManager.h */,
				8A8031791B39425700C91FD8 /* AFHTTPSessionManager.m */,
				8A80317A1B39425700C91FD8 /* AFNetworking.h */,
				8A80317B1B39425700C91FD8 /* AFNetworkReachabilityManager.h */,
				8A80317C1B39425700C91FD8 /* AFNetworkReachabilityManager.m */,
				8A80317D1B39425700C91FD8 /* AFSecurityPolicy.h */,
				8A80317E1B39425700C91FD8 /* AFSecurityPolicy.m */,
				8A80317F1B39425700C91FD8 /* AFURLConnectionOperation.h */,
				8A8031801B39425700C91FD8 /* AFURLConnectionOperation.m */,
				8A8031811B39425700C91FD8 /* AFURLRequestSerialization.h */,
				8A8031821B39425700C91FD8 /* AFURLRequestSerialization.m */,
				8A8031831B39425700C91FD8 /* AFURLResponseSerialization.h */,
				8A8031841B39425700C91FD8 /* AFURLResponseSerialization.m */,
				8A8031851B39425700C91FD8 /* AFURLSessionManager.h */,
				8A8031861B39425700C91FD8 /* AFURLSessionManager.m */,
			);
			path = AFNetworking;
			sourceTree = "<group>";
		};
		8A8031871B39425700C91FD8 /* UIKit+AFNetworking */ = {
			isa = PBXGroup;
			children = (
				8A8031881B39425700C91FD8 /* AFNetworkActivityIndicatorManager.h */,
				8A8031891B39425700C91FD8 /* AFNetworkActivityIndicatorManager.m */,
				8A80318A1B39425700C91FD8 /* UIActivityIndicatorView+AFNetworking.h */,
				8A80318B1B39425700C91FD8 /* UIActivityIndicatorView+AFNetworking.m */,
				8A80318C1B39425700C91FD8 /* UIAlertView+AFNetworking.h */,
				8A80318D1B39425700C91FD8 /* UIAlertView+AFNetworking.m */,
				8A80318E1B39425700C91FD8 /* UIButton+AFNetworking.h */,
				8A80318F1B39425700C91FD8 /* UIButton+AFNetworking.m */,
				8A8031901B39425700C91FD8 /* UIImageView+AFNetworking.h */,
				8A8031911B39425700C91FD8 /* UIImageView+AFNetworking.m */,
				8A8031921B39425700C91FD8 /* UIKit+AFNetworking.h */,
				8A8031931B39425700C91FD8 /* UIProgressView+AFNetworking.h */,
				8A8031941B39425700C91FD8 /* UIProgressView+AFNetworking.m */,
				8A8031951B39425700C91FD8 /* UIRefreshControl+AFNetworking.h */,
				8A8031961B39425700C91FD8 /* UIRefreshControl+AFNetworking.m */,
				8A8031971B39425700C91FD8 /* UIWebView+AFNetworking.h */,
				8A8031981B39425700C91FD8 /* UIWebView+AFNetworking.m */,
			);
			path = "UIKit+AFNetworking";
			sourceTree = "<group>";
		};
		8A8031BD1B39487500C91FD8 /* FMDB */ = {
			isa = PBXGroup;
			children = (
				8A8031BE1B39487500C91FD8 /* FMDatabase.h */,
				8A8031BF1B39487500C91FD8 /* FMDatabase.m */,
				8A8031C01B39487500C91FD8 /* FMDatabaseAdditions.h */,
				8A8031C11B39487500C91FD8 /* FMDatabaseAdditions.m */,
				8A8031C21B39487500C91FD8 /* FMDatabasePool.h */,
				8A8031C31B39487500C91FD8 /* FMDatabasePool.m */,
				8A8031C41B39487500C91FD8 /* FMDatabaseQueue.h */,
				8A8031C51B39487500C91FD8 /* FMDatabaseQueue.m */,
				8A8031C61B39487500C91FD8 /* FMDB.h */,
				8A8031C71B39487500C91FD8 /* FMResultSet.h */,
				8A8031C81B39487500C91FD8 /* FMResultSet.m */,
			);
			path = FMDB;
			sourceTree = "<group>";
		};
		ADB6D8AF1D23C72100B48C4E /* Framework */ = {
			isa = PBXGroup;
			children = (
				8A1242351B609E11001E0889 /* ProjectAppCommon.framework */,
				8AF38C431B3A8C2D00193382 /* libsqlite3.0.dylib */,
			);
			name = Framework;
			sourceTree = "<group>";
		};
/* End PBXGroup section */

/* Begin PBXHeadersBuildPhase section */
		8A3F154D1ACA523400E5A206 /* Headers */ = {
			isa = PBXHeadersBuildPhase;
			buildActionMask = 2147483647;
			files = (
				8A3CDB051B5CEC94004496AA /* Reachability.h in Headers */,
				8A8031B41B39425700C91FD8 /* UIImageView+AFNetworking.h in Headers */,
				8A8031D41B39487500C91FD8 /* FMResultSet.h in Headers */,
				8A8031D61B39487500C91FD8 /* FMDBUtils.h in Headers */,
				8A8031691B39375600C91FD8 /* FileManager.h in Headers */,
				8AF38C3D1B3A895A00193382 /* NetInterFace.h in Headers */,
				8A8031CF1B39487500C91FD8 /* FMDatabasePool.h in Headers */,
				8A8031AA1B39425700C91FD8 /* AFURLSessionManager.h in Headers */,
				8A8031B21B39425700C91FD8 /* UIButton+AFNetworking.h in Headers */,
				8A8031A01B39425700C91FD8 /* AFNetworkReachabilityManager.h in Headers */,
				8A3F15561ACA523400E5A206 /* ProjectAppDataInterface.h in Headers */,
				8A8031B61B39425700C91FD8 /* UIKit+AFNetworking.h in Headers */,
				8A8031AE1B39425700C91FD8 /* UIActivityIndicatorView+AFNetworking.h in Headers */,
				8A8031CB1B39487500C91FD8 /* FMDatabase.h in Headers */,
				8A8031AC1B39425700C91FD8 /* AFNetworkActivityIndicatorManager.h in Headers */,
				8A8031BB1B39425700C91FD8 /* UIWebView+AFNetworking.h in Headers */,
				8A8031A61B39425700C91FD8 /* AFURLRequestSerialization.h in Headers */,
				8A80319B1B39425700C91FD8 /* AFHTTPRequestOperationManager.h in Headers */,
				8A80319D1B39425700C91FD8 /* AFHTTPSessionManager.h in Headers */,
				8A8031D31B39487500C91FD8 /* FMDB.h in Headers */,
				8A8031CD1B39487500C91FD8 /* FMDatabaseAdditions.h in Headers */,
				8A8031A81B39425700C91FD8 /* AFURLResponseSerialization.h in Headers */,
				8A8031991B39425700C91FD8 /* AFHTTPRequestOperation.h in Headers */,
				8A8031A41B39425700C91FD8 /* AFURLConnectionOperation.h in Headers */,
				8A8031B71B39425700C91FD8 /* UIProgressView+AFNetworking.h in Headers */,
				8A8031D11B39487500C91FD8 /* FMDatabaseQueue.h in Headers */,
				8A80319F1B39425700C91FD8 /* AFNetworking.h in Headers */,
				8A8031B91B39425700C91FD8 /* UIRefreshControl+AFNetworking.h in Headers */,
				8A8031A21B39425700C91FD8 /* AFSecurityPolicy.h in Headers */,
				8A8031B01B39425700C91FD8 /* UIAlertView+AFNetworking.h in Headers */,
			);
			runOnlyForDeploymentPostprocessing = 0;
		};
/* End PBXHeadersBuildPhase section */

/* Begin PBXNativeTarget section */
		8A3F154F1ACA523400E5A206 /* ProjectAppDataInterface */ = {
			isa = PBXNativeTarget;
			buildConfigurationList = 8A3F15661ACA523400E5A206 /* Build configuration list for PBXNativeTarget "ProjectAppDataInterface" */;
			buildPhases = (
				8A3F154B1ACA523400E5A206 /* Sources */,
				8A3F154C1ACA523400E5A206 /* Frameworks */,
				8A3F154D1ACA523400E5A206 /* Headers */,
				8A3F154E1ACA523400E5A206 /* Resources */,
			);
			buildRules = (
			);
			dependencies = (
			);
			name = ProjectAppDataInterface;
			productName = ProjectAppDataInterface;
			productReference = 8A3F15501ACA523400E5A206 /* ProjectAppDataInterface.framework */;
			productType = "com.apple.product-type.framework";
		};
		8A3F155A1ACA523400E5A206 /* ProjectAppDataInterfaceTests */ = {
			isa = PBXNativeTarget;
			buildConfigurationList = 8A3F15691ACA523400E5A206 /* Build configuration list for PBXNativeTarget "ProjectAppDataInterfaceTests" */;
			buildPhases = (
				8A3F15571ACA523400E5A206 /* Sources */,
				8A3F15581ACA523400E5A206 /* Frameworks */,
				8A3F15591ACA523400E5A206 /* Resources */,
			);
			buildRules = (
			);
			dependencies = (
				8A3F155E1ACA523400E5A206 /* PBXTargetDependency */,
			);
			name = ProjectAppDataInterfaceTests;
			productName = ProjectAppDataInterfaceTests;
			productReference = 8A3F155B1ACA523400E5A206 /* ProjectAppDataInterfaceTests.xctest */;
			productType = "com.apple.product-type.bundle.unit-test";
		};
/* End PBXNativeTarget section */

/* Begin PBXProject section */
		8A3F15471ACA523400E5A206 /* Project object */ = {
			isa = PBXProject;
			attributes = {
				LastUpgradeCheck = 0620;
				ORGANIZATIONNAME = Framework;
				TargetAttributes = {
					8A3F154F1ACA523400E5A206 = {
						CreatedOnToolsVersion = 6.2;
					};
					8A3F155A1ACA523400E5A206 = {
						CreatedOnToolsVersion = 6.2;
					};
				};
			};
			buildConfigurationList = 8A3F154A1ACA523400E5A206 /* Build configuration list for PBXProject "ProjectAppDataInterface" */;
			compatibilityVersion = "Xcode 3.2";
			developmentRegion = English;
			hasScannedForEncodings = 0;
			knownRegions = (
				en,
			);
			mainGroup = 8A3F15461ACA523400E5A206;
			productRefGroup = 8A3F15511ACA523400E5A206 /* Products */;
			projectDirPath = "";
			projectRoot = "";
			targets = (
				8A3F154F1ACA523400E5A206 /* ProjectAppDataInterface */,
				8A3F155A1ACA523400E5A206 /* ProjectAppDataInterfaceTests */,
			);
		};
/* End PBXProject section */

/* Begin PBXResourcesBuildPhase section */
		8A3F154E1ACA523400E5A206 /* Resources */ = {
			isa = PBXResourcesBuildPhase;
			buildActionMask = 2147483647;
			files = (
			);
			runOnlyForDeploymentPostprocessing = 0;
		};
		8A3F15591ACA523400E5A206 /* Resources */ = {
			isa = PBXResourcesBuildPhase;
			buildActionMask = 2147483647;
			files = (
			);
			runOnlyForDeploymentPostprocessing = 0;
		};
/* End PBXResourcesBuildPhase section */

/* Begin PBXSourcesBuildPhase section */
		8A3F154B1ACA523400E5A206 /* Sources */ = {
			isa = PBXSourcesBuildPhase;
			buildActionMask = 2147483647;
			files = (
				8A3CDB061B5CEC94004496AA /* Reachability.m in Sources */,
				8A8031B81B39425700C91FD8 /* UIProgressView+AFNetworking.m in Sources */,
				8A8031CC1B39487500C91FD8 /* FMDatabase.m in Sources */,
				8A8031A51B39425700C91FD8 /* AFURLConnectionOperation.m in Sources */,
				8A8031BC1B39425700C91FD8 /* UIWebView+AFNetworking.m in Sources */,
				8A8031D01B39487500C91FD8 /* FMDatabasePool.m in Sources */,
				8A8031B51B39425700C91FD8 /* UIImageView+AFNetworking.m in Sources */,
				8A8031A91B39425700C91FD8 /* AFURLResponseSerialization.m in Sources */,
				8A8031B31B39425700C91FD8 /* UIButton+AFNetworking.m in Sources */,
				8A8031D71B39487500C91FD8 /* FMDBUtils.m in Sources */,
				8A8031B11B39425700C91FD8 /* UIAlertView+AFNetworking.m in Sources */,
				8A80319A1B39425700C91FD8 /* AFHTTPRequestOperation.m in Sources */,
				8A8031BA1B39425700C91FD8 /* UIRefreshControl+AFNetworking.m in Sources */,
				8A80316A1B39375600C91FD8 /* FileManager.m in Sources */,
				8AF38C3E1B3A895A00193382 /* NetInterFace.m in Sources */,
				8A8031AD1B39425700C91FD8 /* AFNetworkActivityIndicatorManager.m in Sources */,
				8A8031A11B39425700C91FD8 /* AFNetworkReachabilityManager.m in Sources */,
				8A8031AF1B39425700C91FD8 /* UIActivityIndicatorView+AFNetworking.m in Sources */,
				8A8031AB1B39425700C91FD8 /* AFURLSessionManager.m in Sources */,
				8A80319C1B39425700C91FD8 /* AFHTTPRequestOperationManager.m in Sources */,
				8A8031D51B39487500C91FD8 /* FMResultSet.m in Sources */,
				8A8031A31B39425700C91FD8 /* AFSecurityPolicy.m in Sources */,
				8A80319E1B39425700C91FD8 /* AFHTTPSessionManager.m in Sources */,
				8A8031D21B39487500C91FD8 /* FMDatabaseQueue.m in Sources */,
				8A8031A71B39425700C91FD8 /* AFURLRequestSerialization.m in Sources */,
				8A8031CE1B39487500C91FD8 /* FMDatabaseAdditions.m in Sources */,
			);
			runOnlyForDeploymentPostprocessing = 0;
		};
		8A3F15571ACA523400E5A206 /* Sources */ = {
			isa = PBXSourcesBuildPhase;
			buildActionMask = 2147483647;
			files = (
				8A3F15631ACA523400E5A206 /* ProjectAppDataInterfaceTests.m in Sources */,
			);
			runOnlyForDeploymentPostprocessing = 0;
		};
/* End PBXSourcesBuildPhase section */

/* Begin PBXTargetDependency section */
		8A3F155E1ACA523400E5A206 /* PBXTargetDependency */ = {
			isa = PBXTargetDependency;
			target = 8A3F154F1ACA523400E5A206 /* ProjectAppDataInterface */;
			targetProxy = 8A3F155D1ACA523400E5A206 /* PBXContainerItemProxy */;
		};
/* End PBXTargetDependency section */

/* Begin XCBuildConfiguration section */
		8A3F15641ACA523400E5A206 /* Debug */ = {
			isa = XCBuildConfiguration;
			buildSettings = {
				ALWAYS_SEARCH_USER_PATHS = NO;
				CLANG_CXX_LANGUAGE_STANDARD = "gnu++0x";
				CLANG_CXX_LIBRARY = "libc++";
				CLANG_ENABLE_MODULES = YES;
				CLANG_ENABLE_OBJC_ARC = YES;
				CLANG_WARN_BOOL_CONVERSION = YES;
				CLANG_WARN_CONSTANT_CONVERSION = YES;
				CLANG_WARN_DIRECT_OBJC_ISA_USAGE = YES_ERROR;
				CLANG_WARN_EMPTY_BODY = YES;
				CLANG_WARN_ENUM_CONVERSION = YES;
				CLANG_WARN_INT_CONVERSION = YES;
				CLANG_WARN_OBJC_ROOT_CLASS = YES_ERROR;
				CLANG_WARN_UNREACHABLE_CODE = YES;
				CLANG_WARN__DUPLICATE_METHOD_MATCH = YES;
				"CODE_SIGN_IDENTITY[sdk=iphoneos*]" = "iPhone Developer";
				COPY_PHASE_STRIP = NO;
				CURRENT_PROJECT_VERSION = 1;
				ENABLE_BITCODE = NO;
				ENABLE_STRICT_OBJC_MSGSEND = YES;
				GCC_C_LANGUAGE_STANDARD = gnu99;
				GCC_DYNAMIC_NO_PIC = NO;
				GCC_OPTIMIZATION_LEVEL = 0;
				GCC_PREPROCESSOR_DEFINITIONS = (
					"DEBUG=1",
					"$(inherited)",
				);
				GCC_SYMBOLS_PRIVATE_EXTERN = NO;
				GCC_WARN_64_TO_32_BIT_CONVERSION = YES;
				GCC_WARN_ABOUT_RETURN_TYPE = YES_ERROR;
				GCC_WARN_UNDECLARED_SELECTOR = YES;
				GCC_WARN_UNINITIALIZED_AUTOS = YES_AGGRESSIVE;
				GCC_WARN_UNUSED_FUNCTION = YES;
				GCC_WARN_UNUSED_VARIABLE = YES;
				IPHONEOS_DEPLOYMENT_TARGET = 7.0;
				MTL_ENABLE_DEBUG_INFO = YES;
				ONLY_ACTIVE_ARCH = YES;
				SDKROOT = iphoneos;
				TARGETED_DEVICE_FAMILY = "1,2";
				VERSIONING_SYSTEM = "apple-generic";
				VERSION_INFO_PREFIX = "";
			};
			name = Debug;
		};
		8A3F15651ACA523400E5A206 /* Release */ = {
			isa = XCBuildConfiguration;
			buildSettings = {
				ALWAYS_SEARCH_USER_PATHS = NO;
				CLANG_CXX_LANGUAGE_STANDARD = "gnu++0x";
				CLANG_CXX_LIBRARY = "libc++";
				CLANG_ENABLE_MODULES = YES;
				CLANG_ENABLE_OBJC_ARC = YES;
				CLANG_WARN_BOOL_CONVERSION = YES;
				CLANG_WARN_CONSTANT_CONVERSION = YES;
				CLANG_WARN_DIRECT_OBJC_ISA_USAGE = YES_ERROR;
				CLANG_WARN_EMPTY_BODY = YES;
				CLANG_WARN_ENUM_CONVERSION = YES;
				CLANG_WARN_INT_CONVERSION = YES;
				CLANG_WARN_OBJC_ROOT_CLASS = YES_ERROR;
				CLANG_WARN_UNREACHABLE_CODE = YES;
				CLANG_WARN__DUPLICATE_METHOD_MATCH = YES;
				"CODE_SIGN_IDENTITY[sdk=iphoneos*]" = "iPhone Developer";
				COPY_PHASE_STRIP = NO;
				CURRENT_PROJECT_VERSION = 1;
				ENABLE_BITCODE = NO;
				ENABLE_NS_ASSERTIONS = NO;
				ENABLE_STRICT_OBJC_MSGSEND = YES;
				GCC_C_LANGUAGE_STANDARD = gnu99;
				GCC_WARN_64_TO_32_BIT_CONVERSION = YES;
				GCC_WARN_ABOUT_RETURN_TYPE = YES_ERROR;
				GCC_WARN_UNDECLARED_SELECTOR = YES;
				GCC_WARN_UNINITIALIZED_AUTOS = YES_AGGRESSIVE;
				GCC_WARN_UNUSED_FUNCTION = YES;
				GCC_WARN_UNUSED_VARIABLE = YES;
				IPHONEOS_DEPLOYMENT_TARGET = 7.0;
				MTL_ENABLE_DEBUG_INFO = NO;
				SDKROOT = iphoneos;
				TARGETED_DEVICE_FAMILY = "1,2";
				VALIDATE_PRODUCT = YES;
				VERSIONING_SYSTEM = "apple-generic";
				VERSION_INFO_PREFIX = "";
			};
			name = Release;
		};
		8A3F15671ACA523400E5A206 /* Debug */ = {
			isa = XCBuildConfiguration;
			buildSettings = {
				DEFINES_MODULE = YES;
				DYLIB_COMPATIBILITY_VERSION = 1;
				DYLIB_CURRENT_VERSION = 1;
				DYLIB_INSTALL_NAME_BASE = "@rpath";
				ENABLE_BITCODE = NO;
				FRAMEWORK_SEARCH_PATHS = (
					"$(inherited)",
					"$(USER_LIBRARY_DIR)/Developer/Xcode/DerivedData/ProjectWorkspace-cazurdojvrvbzzesqvtcawqljovi/Build/Products/Debug-iphoneos",
					"/Users/libj/Documents/GitHub/ProjectWorkspacePrivate/ProjectAppCommon/build/Debug-iphoneos",
				);
				INFOPLIST_FILE = ProjectAppDataInterface/Info.plist;
				INSTALL_PATH = "$(LOCAL_LIBRARY_DIR)/Frameworks";
				LD_RUNPATH_SEARCH_PATHS = "$(inherited) @executable_path/Frameworks @loader_path/Frameworks";
				PRODUCT_NAME = "$(TARGET_NAME)";
				SKIP_INSTALL = YES;
			};
			name = Debug;
		};
		8A3F15681ACA523400E5A206 /* Release */ = {
			isa = XCBuildConfiguration;
			buildSettings = {
				DEFINES_MODULE = YES;
				DYLIB_COMPATIBILITY_VERSION = 1;
				DYLIB_CURRENT_VERSION = 1;
				DYLIB_INSTALL_NAME_BASE = "@rpath";
				ENABLE_BITCODE = NO;
				FRAMEWORK_SEARCH_PATHS = (
					"$(inherited)",
					"$(USER_LIBRARY_DIR)/Developer/Xcode/DerivedData/ProjectWorkspace-cazurdojvrvbzzesqvtcawqljovi/Build/Products/Debug-iphoneos",
					"/Users/libj/Documents/GitHub/ProjectWorkspacePrivate/ProjectAppCommon/build/Debug-iphoneos",
				);
				INFOPLIST_FILE = ProjectAppDataInterface/Info.plist;
				INSTALL_PATH = "$(LOCAL_LIBRARY_DIR)/Frameworks";
				LD_RUNPATH_SEARCH_PATHS = "$(inherited) @executable_path/Frameworks @loader_path/Frameworks";
				PRODUCT_NAME = "$(TARGET_NAME)";
				SKIP_INSTALL = YES;
			};
			name = Release;
		};
		8A3F156A1ACA523400E5A206 /* Debug */ = {
			isa = XCBuildConfiguration;
			buildSettings = {
				FRAMEWORK_SEARCH_PATHS = (
					"$(SDKROOT)/Developer/Library/Frameworks",
					"$(inherited)",
				);
				GCC_PREPROCESSOR_DEFINITIONS = (
					"DEBUG=1",
					"$(inherited)",
				);
				INFOPLIST_FILE = ProjectAppDataInterfaceTests/Info.plist;
				LD_RUNPATH_SEARCH_PATHS = "$(inherited) @executable_path/Frameworks @loader_path/Frameworks";
				PRODUCT_NAME = "$(TARGET_NAME)";
			};
			name = Debug;
		};
		8A3F156B1ACA523400E5A206 /* Release */ = {
			isa = XCBuildConfiguration;
			buildSettings = {
				FRAMEWORK_SEARCH_PATHS = (
					"$(SDKROOT)/Developer/Library/Frameworks",
					"$(inherited)",
				);
				INFOPLIST_FILE = ProjectAppDataInterfaceTests/Info.plist;
				LD_RUNPATH_SEARCH_PATHS = "$(inherited) @executable_path/Frameworks @loader_path/Frameworks";
				PRODUCT_NAME = "$(TARGET_NAME)";
			};
			name = Release;
		};
/* End XCBuildConfiguration section */

/* Begin XCConfigurationList section */
		8A3F154A1ACA523400E5A206 /* Build configuration list for PBXProject "ProjectAppDataInterface" */ = {
			isa = XCConfigurationList;
			buildConfigurations = (
				8A3F15641ACA523400E5A206 /* Debug */,
				8A3F15651ACA523400E5A206 /* Release */,
			);
			defaultConfigurationIsVisible = 0;
			defaultConfigurationName = Release;
		};
		8A3F15661ACA523400E5A206 /* Build configuration list for PBXNativeTarget "ProjectAppDataInterface" */ = {
			isa = XCConfigurationList;
			buildConfigurations = (
				8A3F15671ACA523400E5A206 /* Debug */,
				8A3F15681ACA523400E5A206 /* Release */,
			);
			defaultConfigurationIsVisible = 0;
			defaultConfigurationName = Release;
		};
		8A3F15691ACA523400E5A206 /* Build configuration list for PBXNativeTarget "ProjectAppDataInterfaceTests" */ = {
			isa = XCConfigurationList;
			buildConfigurations = (
				8A3F156A1ACA523400E5A206 /* Debug */,
				8A3F156B1ACA523400E5A206 /* Release */,
			);
			defaultConfigurationIsVisible = 0;
			defaultConfigurationName = Release;
		};
/* End XCConfigurationList section */
	};
	rootObject = 8A3F15471ACA523400E5A206 /* Project object */;
}
